// !$*UTF8*$!
{
	archiveVersion = 1;
	classes = {
	};
	objectVersion = 46;
	objects = {

/* Begin PBXBuildFile section */
		A198FF5C1BE2CF09003E1F5A /* AppDelegate.swift in Sources */ = {isa = PBXBuildFile; fileRef = A198FF5B1BE2CF09003E1F5A /* AppDelegate.swift */; };
		A198FF601BE2CF09003E1F5A /* DetailViewController.swift in Sources */ = {isa = PBXBuildFile; fileRef = A198FF5F1BE2CF09003E1F5A /* DetailViewController.swift */; };
		A198FF631BE2CF09003E1F5A /* Main.storyboard in Resources */ = {isa = PBXBuildFile; fileRef = A198FF611BE2CF09003E1F5A /* Main.storyboard */; };
		A198FF651BE2CF09003E1F5A /* Assets.xcassets in Resources */ = {isa = PBXBuildFile; fileRef = A198FF641BE2CF09003E1F5A /* Assets.xcassets */; };
		A198FF681BE2CF09003E1F5A /* LaunchScreen.storyboard in Resources */ = {isa = PBXBuildFile; fileRef = A198FF661BE2CF09003E1F5A /* LaunchScreen.storyboard */; };
		A198FF701BE2D069003E1F5A /* ViewController.swift in Sources */ = {isa = PBXBuildFile; fileRef = A198FF6F1BE2D069003E1F5A /* ViewController.swift */; };
		A198FF721BE2D6E9003E1F5A /* Cell.swift in Sources */ = {isa = PBXBuildFile; fileRef = A198FF711BE2D6E9003E1F5A /* Cell.swift */; };
		A198FF741BE2D8AA003E1F5A /* CustomCellBackground.swift in Sources */ = {isa = PBXBuildFile; fileRef = A198FF731BE2D8AA003E1F5A /* CustomCellBackground.swift */; };
/* End PBXBuildFile section */

/* Begin PBXFileReference section */
		A198FF581BE2CF09003E1F5A /* CollViewSmpl.app */ = {isa = PBXFileReference; explicitFileType = wrapper.application; includeInIndex = 0; path = CollViewSmpl.app; sourceTree = BUILT_PRODUCTS_DIR; };
		A198FF5B1BE2CF09003E1F5A /* AppDelegate.swift */ = {isa = PBXFileReference; lastKnownFileType = sourcecode.swift; path = AppDelegate.swift; sourceTree = "<group>"; };
		A198FF5F1BE2CF09003E1F5A /* DetailViewController.swift */ = {isa = PBXFileReference; lastKnownFileType = sourcecode.swift; path = DetailViewController.swift; sourceTree = "<group>"; };
		A198FF621BE2CF09003E1F5A /* Base */ = {isa = PBXFileReference; lastKnownFileType = file.storyboard; name = Base; path = Base.lproj/Main.storyboard; sourceTree = "<group>"; };
		A198FF641BE2CF09003E1F5A /* Assets.xcassets */ = {isa = PBXFileReference; lastKnownFileType = folder.assetcatalog; path = Assets.xcassets; sourceTree = "<group>"; };
		A198FF671BE2CF09003E1F5A /* Base */ = {isa = PBXFileReference; lastKnownFileType = file.storyboard; name = Base; path = Base.lproj/LaunchScreen.storyboard; sourceTree = "<group>"; };
		A198FF691BE2CF09003E1F5A /* Info.plist */ = {isa = PBXFileReference; lastKnownFileType = text.plist.xml; path = Info.plist; sourceTree = "<group>"; };
		A198FF6F1BE2D069003E1F5A /* ViewController.swift */ = {isa = PBXFileReference; fileEncoding = 4; lastKnownFileType = sourcecode.swift; path = ViewController.swift; sourceTree = "<group>"; };
		A198FF711BE2D6E9003E1F5A /* Cell.swift */ = {isa = PBXFileReference; fileEncoding = 4; lastKnownFileType = sourcecode.swift; path = Cell.swift; sourceTree = "<group>"; };
		A198FF731BE2D8AA003E1F5A /* CustomCellBackground.swift */ = {isa = PBXFileReference; fileEncoding = 4; lastKnownFileType = sourcecode.swift; path = CustomCellBackground.swift; sourceTree = "<group>"; };
/* End PBXFileReference section */

/* Begin PBXFrameworksBuildPhase section */
		A198FF551BE2CF09003E1F5A /* Frameworks */ = {
			isa = PBXFrameworksBuildPhase;
			buildActionMask = 2147483647;
			files = (
			);
			runOnlyForDeploymentPostprocessing = 0;
		};
/* End PBXFrameworksBuildPhase section */

/* Begin PBXGroup section */
		A198FF4F1BE2CF09003E1F5A = {
			isa = PBXGroup;
			children = (
				A198FF5A1BE2CF09003E1F5A /* CollectionView */,
				A198FF591BE2CF09003E1F5A /* Products */,
			);
			sourceTree = "<group>";
		};
		A198FF591BE2CF09003E1F5A /* Products */ = {
			isa = PBXGroup;
			children = (
				A198FF581BE2CF09003E1F5A /* CollViewSmpl.app */,
			);
			name = Products;
			sourceTree = "<group>";
		};
		A198FF5A1BE2CF09003E1F5A /* CollectionView */ = {
			isa = PBXGroup;
			children = (
				A198FF5B1BE2CF09003E1F5A /* AppDelegate.swift */,
				A198FF6F1BE2D069003E1F5A /* ViewController.swift */,
				A198FF5F1BE2CF09003E1F5A /* DetailViewController.swift */,
				A198FF711BE2D6E9003E1F5A /* Cell.swift */,
				A198FF731BE2D8AA003E1F5A /* CustomCellBackground.swift */,
				A198FF611BE2CF09003E1F5A /* Main.storyboard */,
				A198FF641BE2CF09003E1F5A /* Assets.xcassets */,
				A198FF661BE2CF09003E1F5A /* LaunchScreen.storyboard */,
				A198FF691BE2CF09003E1F5A /* Info.plist */,
			);
			path = CollectionView;
			sourceTree = "<group>";
		};
/* End PBXGroup section */

/* Begin PBXNativeTarget section */
		A198FF571BE2CF09003E1F5A /* CollViewSmpl */ = {
			isa = PBXNativeTarget;
			buildConfigurationList = A198FF6C1BE2CF09003E1F5A /* Build configuration list for PBXNativeTarget "CollViewSmpl" */;
			buildPhases = (
				A198FF541BE2CF09003E1F5A /* Sources */,
				A198FF551BE2CF09003E1F5A /* Frameworks */,
				A198FF561BE2CF09003E1F5A /* Resources */,
			);
			buildRules = (
			);
			dependencies = (
			);
			name = CollViewSmpl;
			productName = CollectionView;
			productReference = A198FF581BE2CF09003E1F5A /* CollViewSmpl.app */;
			productType = "com.apple.product-type.application";
		};
/* End PBXNativeTarget section */

/* Begin PBXProject section */
		A198FF501BE2CF09003E1F5A /* Project object */ = {
			isa = PBXProject;
			attributes = {
				LastSwiftUpdateCheck = 0710;
				LastUpgradeCheck = 0810;
				ORGANIZATIONNAME = "FTS InfoTech, LLC";
				TargetAttributes = {
					A198FF571BE2CF09003E1F5A = {
						CreatedOnToolsVersion = 7.1;
						LastSwiftMigration = 0810;
					};
				};
			};
			buildConfigurationList = A198FF531BE2CF09003E1F5A /* Build configuration list for PBXProject "CollectionView" */;
			compatibilityVersion = "Xcode 3.2";
			developmentRegion = English;
			hasScannedForEncodings = 0;
			knownRegions = (
				en,
				Base,
			);
			mainGroup = A198FF4F1BE2CF09003E1F5A;
			productRefGroup = A198FF591BE2CF09003E1F5A /* Products */;
			projectDirPath = "";
			projectRoot = "";
			targets = (
				A198FF571BE2CF09003E1F5A /* CollViewSmpl */,
			);
		};
/* End PBXProject section */

/* Begin PBXResourcesBuildPhase section */
		A198FF561BE2CF09003E1F5A /* Resources */ = {
			isa = PBXResourcesBuildPhase;
			buildActionMask = 2147483647;
			files = (
				A198FF681BE2CF09003E1F5A /* LaunchScreen.storyboard in Resources */,
				A198FF651BE2CF09003E1F5A /* Assets.xcassets in Resources */,
				A198FF631BE2CF09003E1F5A /* Main.storyboard in Resources */,
			);
			runOnlyForDeploymentPostprocessing = 0;
		};
/* End PBXResourcesBuildPhase section */

/* Begin PBXSourcesBuildPhase section */
		A198FF541BE2CF09003E1F5A /* Sources */ = {
			isa = PBXSourcesBuildPhase;
			buildActionMask = 2147483647;
			files = (
				A198FF601BE2CF09003E1F5A /* DetailViewController.swift in Sources */,
				A198FF741BE2D8AA003E1F5A /* CustomCellBackground.swift in Sources */,
				A198FF721BE2D6E9003E1F5A /* Cell.swift in Sources */,
				A198FF701BE2D069003E1F5A /* ViewController.swift in Sources */,
				A198FF5C1BE2CF09003E1F5A /* AppDelegate.swift in Sources */,
			);
			runOnlyForDeploymentPostprocessing = 0;
		};
/* End PBXSourcesBuildPhase section */

/* Begin PBXVariantGroup section */
		A198FF611BE2CF09003E1F5A /* Main.storyboard */ = {
			isa = PBXVariantGroup;
			children = (
				A198FF621BE2CF09003E1F5A /* Base */,
			);
			name = Main.storyboard;
			sourceTree = "<group>";
		};
		A198FF661BE2CF09003E1F5A /* LaunchScreen.storyboard */ = {
			isa = PBXVariantGroup;
			children = (
				A198FF671BE2CF09003E1F5A /* Base */,
			);
			name = LaunchScreen.storyboard;
			sourceTree = "<group>";
		};
/* End PBXVariantGroup section */

/* Begin XCBuildConfiguration section */
		A198FF6A1BE2CF09003E1F5A /* Debug */ = {
			isa = XCBuildConfiguration;
			buildSettings = {
				ALWAYS_SEARCH_USER_PATHS = NO;
				CLANG_CXX_LANGUAGE_STANDARD = "gnu++0x";
				CLANG_CXX_LIBRARY = "libc++";
				CLANG_ENABLE_MODULES = YES;
				CLANG_ENABLE_OBJC_ARC = YES;
				CLANG_WARN_BOOL_CONVERSION = YES;
				CLANG_WARN_CONSTANT_CONVERSION = YES;
				CLANG_WARN_DIRECT_OBJC_ISA_USAGE = YES_ERROR;
				CLANG_WARN_EMPTY_BODY = YES;
				CLANG_WARN_ENUM_CONVERSION = YES;
				CLANG_WARN_INFINITE_RECURSION = YES;
				CLANG_WARN_INT_CONVERSION = YES;
				CLANG_WARN_OBJC_ROOT_CLASS = YES_ERROR;
				CLANG_WARN_SUSPICIOUS_MOVE = YES;
				CLANG_WARN_UNREACHABLE_CODE = YES;
				CLANG_WARN__DUPLICATE_METHOD_MATCH = YES;
				"CODE_SIGN_IDENTITY[sdk=iphoneos*]" = "iPhone Developer";
				COPY_PHASE_STRIP = NO;
				DEBUG_INFORMATION_FORMAT = dwarf;
				ENABLE_STRICT_OBJC_MSGSEND = YES;
				ENABLE_TESTABILITY = YES;
				GCC_C_LANGUAGE_STANDARD = gnu99;
				GCC_DYNAMIC_NO_PIC = NO;
				GCC_NO_COMMON_BLOCKS = YES;
				GCC_OPTIMIZATION_LEVEL = 0;
				GCC_PREPROCESSOR_DEFINITIONS = (
					"DEBUG=1",
					"$(inherited)",
				);
				GCC_WARN_64_TO_32_BIT_CONVERSION = YES;
				GCC_WARN_ABOUT_RETURN_TYPE = YES_ERROR;
				GCC_WARN_UNDECLARED_SELECTOR = YES;
				GCC_WARN_UNINITIALIZED_AUTOS = YES_AGGRESSIVE;
				GCC_WARN_UNUSED_FUNCTION = YES;
				GCC_WARN_UNUSED_VARIABLE = YES;
				IPHONEOS_DEPLOYMENT_TARGET = 9.1;
				MTL_ENABLE_DEBUG_INFO = YES;
				ONLY_ACTIVE_ARCH = YES;
				SDKROOT = iphoneos;
				SWIFT_OPTIMIZATION_LEVEL = "-Onone";
			};
			name = Debug;
		};
		A198FF6B1BE2CF09003E1F5A /* Release */ = {
			isa = XCBuildConfiguration;
			buildSettings = {
				ALWAYS_SEARCH_USER_PATHS = NO;
				CLANG_CXX_LANGUAGE_STANDARD = "gnu++0x";
				CLANG_CXX_LIBRARY = "libc++";
				CLANG_ENABLE_MODULES = YES;
				CLANG_ENABLE_OBJC_ARC = YES;
				CLANG_WARN_BOOL_CONVERSION = YES;
				CLANG_WARN_CONSTANT_CONVERSION = YES;
				CLANG_WARN_DIRECT_OBJC_ISA_USAGE = YES_ERROR;
				CLANG_WARN_EMPTY_BODY = YES;
				CLANG_WARN_ENUM_CONVERSION = YES;
				CLANG_WARN_INFINITE_RECURSION = YES;
				CLANG_WARN_INT_CONVERSION = YES;
				CLANG_WARN_OBJC_ROOT_CLASS = YES_ERROR;
				CLANG_WARN_SUSPICIOUS_MOVE = YES;
				CLANG_WARN_UNREACHABLE_CODE = YES;
				CLANG_WARN__DUPLICATE_METHOD_MATCH = YES;
				"CODE_SIGN_IDENTITY[sdk=iphoneos*]" = "iPhone Developer";
				COPY_PHASE_STRIP = NO;
				DEBUG_INFORMATION_FORMAT = "dwarf-with-dsym";
				ENABLE_NS_ASSERTIONS = NO;
				ENABLE_STRICT_OBJC_MSGSEND = YES;
				GCC_C_LANGUAGE_STANDARD = gnu99;
				GCC_NO_COMMON_BLOCKS = YES;
				GCC_WARN_64_TO_32_BIT_CONVERSION = YES;
				GCC_WARN_ABOUT_RETURN_TYPE = YES_ERROR;
				GCC_WARN_UNDECLARED_SELECTOR = YES;
				GCC_WARN_UNINITIALIZED_AUTOS = YES_AGGRESSIVE;
				GCC_WARN_UNUSED_FUNCTION = YES;
				GCC_WARN_UNUSED_VARIABLE = YES;
				IPHONEOS_DEPLOYMENT_TARGET = 9.1;
				MTL_ENABLE_DEBUG_INFO = NO;
				SDKROOT = iphoneos;
				SWIFT_OPTIMIZATION_LEVEL = "-Owholemodule";
				VALIDATE_PRODUCT = YES;
			};
			name = Release;
		};
		A198FF6D1BE2CF09003E1F5A /* Debug */ = {
			isa = XCBuildConfiguration;
			buildSettings = {
				ASSETCATALOG_COMPILER_APPICON_NAME = AppIcon;
				INFOPLIST_FILE = CollectionView/Info.plist;
				LD_RUNPATH_SEARCH_PATHS = "$(inherited) @executable_path/Frameworks";
				PRODUCT_BUNDLE_IDENTIFIER = com.ftsinfotech.DFrancis.CollectionView;
				PRODUCT_NAME = "$(TARGET_NAME)";
				SWIFT_VERSION = 3.0;
			};
			name = Debug;
		};
		A198FF6E1BE2CF09003E1F5A /* Release */ = {
			isa = XCBuildConfiguration;
			buildSettings = {
				ASSETCATALOG_COMPILER_APPICON_NAME = AppIcon;
				INFOPLIST_FILE = CollectionView/Info.plist;
				LD_RUNPATH_SEARCH_PATHS = "$(inherited) @executable_path/Frameworks";
				PRODUCT_BUNDLE_IDENTIFIER = com.ftsinfotech.DFrancis.CollectionView;
				PRODUCT_NAME = "$(TARGET_NAME)";
				SWIFT_VERSION = 3.0;
			};
			name = Release;
		};
/* End XCBuildConfiguration section */

/* Begin XCConfigurationList section */
		A198FF531BE2CF09003E1F5A /* Build configuration list for PBXProject "CollectionView" */ = {
			isa = XCConfigurationList;
			buildConfigurations = (
				A198FF6A1BE2CF09003E1F5A /* Debug */,
				A198FF6B1BE2CF09003E1F5A /* Release */,
			);
			defaultConfigurationIsVisible = 0;
			defaultConfigurationName = Release;
		};
		A198FF6C1BE2CF09003E1F5A /* Build configuration list for PBXNativeTarget "CollViewSmpl" */ = {
			isa = XCConfigurationList;
			buildConfigurations = (
				A198FF6D1BE2CF09003E1F5A /* Debug */,
				A198FF6E1BE2CF09003E1F5A /* Release */,
			);
			defaultConfigurationIsVisible = 0;
			defaultConfigurationName = Release;
		};
/* End XCConfigurationList section */
	};
	rootObject = A198FF501BE2CF09003E1F5A /* Project object */;
}
